// !$*UTF8*$!
{
	archiveVersion = 1;
	classes = {
	};
	objectVersion = 51;
	objects = {

/* Begin PBXBuildFile section */
		0F51372026686E39002EBB2B /* ElegirUsuarioViewController.swift in Sources */ = {isa = PBXBuildFile; fileRef = 0F51371F26686E39002EBB2B /* ElegirUsuarioViewController.swift */; };
		0F513725266877E5002EBB2B /* Usuario.swift in Sources */ = {isa = PBXBuildFile; fileRef = 0F513724266877E5002EBB2B /* Usuario.swift */; };
		0FDACD19265EC59D0086BA76 /* AppDelegate.swift in Sources */ = {isa = PBXBuildFile; fileRef = 0FDACD18265EC59D0086BA76 /* AppDelegate.swift */; };
		0FDACD1B265EC59D0086BA76 /* SceneDelegate.swift in Sources */ = {isa = PBXBuildFile; fileRef = 0FDACD1A265EC59D0086BA76 /* SceneDelegate.swift */; };
		0FDACD1D265EC59D0086BA76 /* ViewController.swift in Sources */ = {isa = PBXBuildFile; fileRef = 0FDACD1C265EC59D0086BA76 /* ViewController.swift */; };
		0FDACD20265EC59D0086BA76 /* Main.storyboard in Resources */ = {isa = PBXBuildFile; fileRef = 0FDACD1E265EC59D0086BA76 /* Main.storyboard */; };
		0FDACD22265EC5A20086BA76 /* Assets.xcassets in Resources */ = {isa = PBXBuildFile; fileRef = 0FDACD21265EC5A20086BA76 /* Assets.xcassets */; };
		0FDACD25265EC5A20086BA76 /* LaunchScreen.storyboard in Resources */ = {isa = PBXBuildFile; fileRef = 0FDACD23265EC5A20086BA76 /* LaunchScreen.storyboard */; };
		0FDACD2E265EC7D30086BA76 /* GoogleService-Info.plist in Resources */ = {isa = PBXBuildFile; fileRef = 0FDACD2D265EC7D30086BA76 /* GoogleService-Info.plist */; };
		0FF46C91266818C900FAA0AD /* SnapsViewController.swift in Sources */ = {isa = PBXBuildFile; fileRef = 0FF46C90266818C800FAA0AD /* SnapsViewController.swift */; };
		0FF46C9426681E5A00FAA0AD /* ImageViewController.swift in Sources */ = {isa = PBXBuildFile; fileRef = 0FF46C9326681E5A00FAA0AD /* ImageViewController.swift */; };
		DFB449D98F77855F3EF5EFD3 /* Pods_Snapchat.framework in Frameworks */ = {isa = PBXBuildFile; fileRef = 5D0E4B7A6F23935DA00BD16E /* Pods_Snapchat.framework */; };
/* End PBXBuildFile section */

/* Begin PBXFileReference section */
		0F51371F26686E39002EBB2B /* ElegirUsuarioViewController.swift */ = {isa = PBXFileReference; lastKnownFileType = sourcecode.swift; path = ElegirUsuarioViewController.swift; sourceTree = "<group>"; };
		0F513724266877E5002EBB2B /* Usuario.swift */ = {isa = PBXFileReference; lastKnownFileType = sourcecode.swift; path = Usuario.swift; sourceTree = "<group>"; };
		0FDACD15265EC59D0086BA76 /* Snapchat.app */ = {isa = PBXFileReference; explicitFileType = wrapper.application; includeInIndex = 0; path = Snapchat.app; sourceTree = BUILT_PRODUCTS_DIR; };
		0FDACD18265EC59D0086BA76 /* AppDelegate.swift */ = {isa = PBXFileReference; lastKnownFileType = sourcecode.swift; path = AppDelegate.swift; sourceTree = "<group>"; };
		0FDACD1A265EC59D0086BA76 /* SceneDelegate.swift */ = {isa = PBXFileReference; lastKnownFileType = sourcecode.swift; path = SceneDelegate.swift; sourceTree = "<group>"; };
		0FDACD1C265EC59D0086BA76 /* ViewController.swift */ = {isa = PBXFileReference; lastKnownFileType = sourcecode.swift; path = ViewController.swift; sourceTree = "<group>"; };
		0FDACD1F265EC59D0086BA76 /* Base */ = {isa = PBXFileReference; lastKnownFileType = file.storyboard; name = Base; path = Base.lproj/Main.storyboard; sourceTree = "<group>"; };
		0FDACD21265EC5A20086BA76 /* Assets.xcassets */ = {isa = PBXFileReference; lastKnownFileType = folder.assetcatalog; path = Assets.xcassets; sourceTree = "<group>"; };
		0FDACD24265EC5A20086BA76 /* Base */ = {isa = PBXFileReference; lastKnownFileType = file.storyboard; name = Base; path = Base.lproj/LaunchScreen.storyboard; sourceTree = "<group>"; };
		0FDACD26265EC5A20086BA76 /* Info.plist */ = {isa = PBXFileReference; lastKnownFileType = text.plist.xml; path = Info.plist; sourceTree = "<group>"; };
		0FDACD2D265EC7D30086BA76 /* GoogleService-Info.plist */ = {isa = PBXFileReference; fileEncoding = 4; lastKnownFileType = text.plist.xml; path = "GoogleService-Info.plist"; sourceTree = "<group>"; };
		0FF46C8E2668163700FAA0AD /* Snapchat.entitlements */ = {isa = PBXFileReference; lastKnownFileType = text.plist.entitlements; path = Snapchat.entitlements; sourceTree = "<group>"; };
		0FF46C90266818C800FAA0AD /* SnapsViewController.swift */ = {isa = PBXFileReference; lastKnownFileType = sourcecode.swift; path = SnapsViewController.swift; sourceTree = "<group>"; };
		0FF46C9326681E5A00FAA0AD /* ImageViewController.swift */ = {isa = PBXFileReference; lastKnownFileType = sourcecode.swift; path = ImageViewController.swift; sourceTree = "<group>"; };
		5D0E4B7A6F23935DA00BD16E /* Pods_Snapchat.framework */ = {isa = PBXFileReference; explicitFileType = wrapper.framework; includeInIndex = 0; path = Pods_Snapchat.framework; sourceTree = BUILT_PRODUCTS_DIR; };
		81E81D3F2C1E199079001E73 /* Pods-Snapchat.debug.xcconfig */ = {isa = PBXFileReference; includeInIndex = 1; lastKnownFileType = text.xcconfig; name = "Pods-Snapchat.debug.xcconfig"; path = "Target Support Files/Pods-Snapchat/Pods-Snapchat.debug.xcconfig"; sourceTree = "<group>"; };
		9F1B51DD9CDE4DFAFADF7DC2 /* Pods-Snapchat.release.xcconfig */ = {isa = PBXFileReference; includeInIndex = 1; lastKnownFileType = text.xcconfig; name = "Pods-Snapchat.release.xcconfig"; path = "Target Support Files/Pods-Snapchat/Pods-Snapchat.release.xcconfig"; sourceTree = "<group>"; };
/* End PBXFileReference section */

/* Begin PBXFrameworksBuildPhase section */
		0FDACD12265EC59D0086BA76 /* Frameworks */ = {
			isa = PBXFrameworksBuildPhase;
			buildActionMask = 2147483647;
			files = (
				DFB449D98F77855F3EF5EFD3 /* Pods_Snapchat.framework in Frameworks */,
			);
			runOnlyForDeploymentPostprocessing = 0;
		};
/* End PBXFrameworksBuildPhase section */

/* Begin PBXGroup section */
		0F51372226687773002EBB2B /* ViewControllers */ = {
			isa = PBXGroup;
			children = (
				0FDACD1C265EC59D0086BA76 /* ViewController.swift */,
				0FF46C90266818C800FAA0AD /* SnapsViewController.swift */,
				0FF46C9326681E5A00FAA0AD /* ImageViewController.swift */,
				0F51371F26686E39002EBB2B /* ElegirUsuarioViewController.swift */,
			);
			path = ViewControllers;
			sourceTree = "<group>";
		};
		0F513723266877BB002EBB2B /* Modelos */ = {
			isa = PBXGroup;
			children = (
				0F513724266877E5002EBB2B /* Usuario.swift */,
			);
			path = Modelos;
			sourceTree = "<group>";
		};
		0FDACD0C265EC59D0086BA76 = {
			isa = PBXGroup;
			children = (
				0FDACD17265EC59D0086BA76 /* Snapchat */,
				0FDACD16265EC59D0086BA76 /* Products */,
				AC8F3AF0478F796560DE2A50 /* Pods */,
				7E28B2AAF7CBBD4EBE75006C /* Frameworks */,
			);
			sourceTree = "<group>";
		};
		0FDACD16265EC59D0086BA76 /* Products */ = {
			isa = PBXGroup;
			children = (
				0FDACD15265EC59D0086BA76 /* Snapchat.app */,
			);
			name = Products;
			sourceTree = "<group>";
		};
		0FDACD17265EC59D0086BA76 /* Snapchat */ = {
			isa = PBXGroup;
			children = (
				0F513723266877BB002EBB2B /* Modelos */,
				0F51372226687773002EBB2B /* ViewControllers */,
				0FF46C8E2668163700FAA0AD /* Snapchat.entitlements */,
				0FDACD18265EC59D0086BA76 /* AppDelegate.swift */,
				0FDACD1A265EC59D0086BA76 /* SceneDelegate.swift */,
				0FDACD1E265EC59D0086BA76 /* Main.storyboard */,
				0FDACD21265EC5A20086BA76 /* Assets.xcassets */,
				0FDACD23265EC5A20086BA76 /* LaunchScreen.storyboard */,
				0FDACD26265EC5A20086BA76 /* Info.plist */,
				0FDACD2D265EC7D30086BA76 /* GoogleService-Info.plist */,
			);
			path = Snapchat;
			sourceTree = "<group>";
		};
		7E28B2AAF7CBBD4EBE75006C /* Frameworks */ = {
			isa = PBXGroup;
			children = (
				5D0E4B7A6F23935DA00BD16E /* Pods_Snapchat.framework */,
			);
			name = Frameworks;
			sourceTree = "<group>";
		};
		AC8F3AF0478F796560DE2A50 /* Pods */ = {
			isa = PBXGroup;
			children = (
				81E81D3F2C1E199079001E73 /* Pods-Snapchat.debug.xcconfig */,
				9F1B51DD9CDE4DFAFADF7DC2 /* Pods-Snapchat.release.xcconfig */,
			);
			path = Pods;
			sourceTree = "<group>";
		};
/* End PBXGroup section */

/* Begin PBXNativeTarget section */
		0FDACD14265EC59D0086BA76 /* Snapchat */ = {
			isa = PBXNativeTarget;
			buildConfigurationList = 0FDACD29265EC5A20086BA76 /* Build configuration list for PBXNativeTarget "Snapchat" */;
			buildPhases = (
				4752A5FDE907CDEB46F56EBD /* [CP] Check Pods Manifest.lock */,
				0FDACD11265EC59D0086BA76 /* Sources */,
				0FDACD12265EC59D0086BA76 /* Frameworks */,
				0FDACD13265EC59D0086BA76 /* Resources */,
				217665E7CC623CE1ED5C1299 /* [CP] Embed Pods Frameworks */,
				E2DDEAF818573CA096AD0E69 /* [CP] Copy Pods Resources */,
			);
			buildRules = (
			);
			dependencies = (
			);
			name = Snapchat;
			productName = Snapchat;
			productReference = 0FDACD15265EC59D0086BA76 /* Snapchat.app */;
			productType = "com.apple.product-type.application";
		};
/* End PBXNativeTarget section */

/* Begin PBXProject section */
		0FDACD0D265EC59D0086BA76 /* Project object */ = {
			isa = PBXProject;
			attributes = {
				LastSwiftUpdateCheck = 1240;
				LastUpgradeCheck = 1240;
				TargetAttributes = {
					0FDACD14265EC59D0086BA76 = {
						CreatedOnToolsVersion = 12.4;
					};
				};
			};
			buildConfigurationList = 0FDACD10265EC59D0086BA76 /* Build configuration list for PBXProject "Snapchat" */;
			compatibilityVersion = "Xcode 9.3";
			developmentRegion = en;
			hasScannedForEncodings = 0;
			knownRegions = (
				en,
				Base,
			);
			mainGroup = 0FDACD0C265EC59D0086BA76;
			productRefGroup = 0FDACD16265EC59D0086BA76 /* Products */;
			projectDirPath = "";
			projectRoot = "";
			targets = (
				0FDACD14265EC59D0086BA76 /* Snapchat */,
			);
		};
/* End PBXProject section */

/* Begin PBXResourcesBuildPhase section */
		0FDACD13265EC59D0086BA76 /* Resources */ = {
			isa = PBXResourcesBuildPhase;
			buildActionMask = 2147483647;
			files = (
				0FDACD25265EC5A20086BA76 /* LaunchScreen.storyboard in Resources */,
				0FDACD2E265EC7D30086BA76 /* GoogleService-Info.plist in Resources */,
				0FDACD22265EC5A20086BA76 /* Assets.xcassets in Resources */,
				0FDACD20265EC59D0086BA76 /* Main.storyboard in Resources */,
			);
			runOnlyForDeploymentPostprocessing = 0;
		};
/* End PBXResourcesBuildPhase section */

/* Begin PBXShellScriptBuildPhase section */
		217665E7CC623CE1ED5C1299 /* [CP] Embed Pods Frameworks */ = {
			isa = PBXShellScriptBuildPhase;
			buildActionMask = 2147483647;
			files = (
			);
			inputFileListPaths = (
				"${PODS_ROOT}/Target Support Files/Pods-Snapchat/Pods-Snapchat-frameworks-${CONFIGURATION}-input-files.xcfilelist",
			);
			name = "[CP] Embed Pods Frameworks";
			outputFileListPaths = (
				"${PODS_ROOT}/Target Support Files/Pods-Snapchat/Pods-Snapchat-frameworks-${CONFIGURATION}-output-files.xcfilelist",
			);
			runOnlyForDeploymentPostprocessing = 0;
			shellPath = /bin/sh;
			shellScript = "\"${PODS_ROOT}/Target Support Files/Pods-Snapchat/Pods-Snapchat-frameworks.sh\"\n";
			showEnvVarsInLog = 0;
		};
		4752A5FDE907CDEB46F56EBD /* [CP] Check Pods Manifest.lock */ = {
			isa = PBXShellScriptBuildPhase;
			buildActionMask = 2147483647;
			files = (
			);
			inputFileListPaths = (
			);
			inputPaths = (
				"${PODS_PODFILE_DIR_PATH}/Podfile.lock",
				"${PODS_ROOT}/Manifest.lock",
			);
			name = "[CP] Check Pods Manifest.lock";
			outputFileListPaths = (
			);
			outputPaths = (
				"$(DERIVED_FILE_DIR)/Pods-Snapchat-checkManifestLockResult.txt",
			);
			runOnlyForDeploymentPostprocessing = 0;
			shellPath = /bin/sh;
			shellScript = "diff \"${PODS_PODFILE_DIR_PATH}/Podfile.lock\" \"${PODS_ROOT}/Manifest.lock\" > /dev/null\nif [ $? != 0 ] ; then\n    # print error to STDERR\n    echo \"error: The sandbox is not in sync with the Podfile.lock. Run 'pod install' or update your CocoaPods installation.\" >&2\n    exit 1\nfi\n# This output is used by Xcode 'outputs' to avoid re-running this script phase.\necho \"SUCCESS\" > \"${SCRIPT_OUTPUT_FILE_0}\"\n";
			showEnvVarsInLog = 0;
		};
		E2DDEAF818573CA096AD0E69 /* [CP] Copy Pods Resources */ = {
			isa = PBXShellScriptBuildPhase;
			buildActionMask = 2147483647;
			files = (
			);
			inputFileListPaths = (
				"${PODS_ROOT}/Target Support Files/Pods-Snapchat/Pods-Snapchat-resources-${CONFIGURATION}-input-files.xcfilelist",
			);
			name = "[CP] Copy Pods Resources";
			outputFileListPaths = (
				"${PODS_ROOT}/Target Support Files/Pods-Snapchat/Pods-Snapchat-resources-${CONFIGURATION}-output-files.xcfilelist",
			);
			runOnlyForDeploymentPostprocessing = 0;
			shellPath = /bin/sh;
			shellScript = "\"${PODS_ROOT}/Target Support Files/Pods-Snapchat/Pods-Snapchat-resources.sh\"\n";
			showEnvVarsInLog = 0;
		};
/* End PBXShellScriptBuildPhase section */

/* Begin PBXSourcesBuildPhase section */
		0FDACD11265EC59D0086BA76 /* Sources */ = {
			isa = PBXSourcesBuildPhase;
			buildActionMask = 2147483647;
			files = (
				0FF46C91266818C900FAA0AD /* SnapsViewController.swift in Sources */,
				0FDACD1D265EC59D0086BA76 /* ViewController.swift in Sources */,
				0F513725266877E5002EBB2B /* Usuario.swift in Sources */,
				0FF46C9426681E5A00FAA0AD /* ImageViewController.swift in Sources */,
				0FDACD19265EC59D0086BA76 /* AppDelegate.swift in Sources */,
				0FDACD1B265EC59D0086BA76 /* SceneDelegate.swift in Sources */,
				0F51372026686E39002EBB2B /* ElegirUsuarioViewController.swift in Sources */,
			);
			runOnlyForDeploymentPostprocessing = 0;
		};
/* End PBXSourcesBuildPhase section */

/* Begin PBXVariantGroup section */
		0FDACD1E265EC59D0086BA76 /* Main.storyboard */ = {
			isa = PBXVariantGroup;
			children = (
				0FDACD1F265EC59D0086BA76 /* Base */,
			);
			name = Main.storyboard;
			sourceTree = "<group>";
		};
		0FDACD23265EC5A20086BA76 /* LaunchScreen.storyboard */ = {
			isa = PBXVariantGroup;
			children = (
				0FDACD24265EC5A20086BA76 /* Base */,
			);
			name = LaunchScreen.storyboard;
			sourceTree = "<group>";
		};
/* End PBXVariantGroup section */

/* Begin XCBuildConfiguration section */
		0FDACD27265EC5A20086BA76 /* Debug */ = {
			isa = XCBuildConfiguration;
			buildSettings = {
				ALWAYS_SEARCH_USER_PATHS = NO;
				CLANG_ANALYZER_NONNULL = YES;
				CLANG_ANALYZER_NUMBER_OBJECT_CONVERSION = YES_AGGRESSIVE;
				CLANG_CXX_LANGUAGE_STANDARD = "gnu++14";
				CLANG_CXX_LIBRARY = "libc++";
				CLANG_ENABLE_MODULES = YES;
				CLANG_ENABLE_OBJC_ARC = YES;
				CLANG_ENABLE_OBJC_WEAK = YES;
				CLANG_WARN_BLOCK_CAPTURE_AUTORELEASING = YES;
				CLANG_WARN_BOOL_CONVERSION = YES;
				CLANG_WARN_COMMA = YES;
				CLANG_WARN_CONSTANT_CONVERSION = YES;
				CLANG_WARN_DEPRECATED_OBJC_IMPLEMENTATIONS = YES;
				CLANG_WARN_DIRECT_OBJC_ISA_USAGE = YES_ERROR;
				CLANG_WARN_DOCUMENTATION_COMMENTS = YES;
				CLANG_WARN_EMPTY_BODY = YES;
				CLANG_WARN_ENUM_CONVERSION = YES;
				CLANG_WARN_INFINITE_RECURSION = YES;
				CLANG_WARN_INT_CONVERSION = YES;
				CLANG_WARN_NON_LITERAL_NULL_CONVERSION = YES;
				CLANG_WARN_OBJC_IMPLICIT_RETAIN_SELF = YES;
				CLANG_WARN_OBJC_LITERAL_CONVERSION = YES;
				CLANG_WARN_OBJC_ROOT_CLASS = YES_ERROR;
				CLANG_WARN_QUOTED_INCLUDE_IN_FRAMEWORK_HEADER = YES;
				CLANG_WARN_RANGE_LOOP_ANALYSIS = YES;
				CLANG_WARN_STRICT_PROTOTYPES = YES;
				CLANG_WARN_SUSPICIOUS_MOVE = YES;
				CLANG_WARN_UNGUARDED_AVAILABILITY = YES_AGGRESSIVE;
				CLANG_WARN_UNREACHABLE_CODE = YES;
				CLANG_WARN__DUPLICATE_METHOD_MATCH = YES;
				COPY_PHASE_STRIP = NO;
				DEBUG_INFORMATION_FORMAT = dwarf;
				ENABLE_STRICT_OBJC_MSGSEND = YES;
				ENABLE_TESTABILITY = YES;
				GCC_C_LANGUAGE_STANDARD = gnu11;
				GCC_DYNAMIC_NO_PIC = NO;
				GCC_NO_COMMON_BLOCKS = YES;
				GCC_OPTIMIZATION_LEVEL = 0;
				GCC_PREPROCESSOR_DEFINITIONS = (
					"DEBUG=1",
					"$(inherited)",
				);
				GCC_WARN_64_TO_32_BIT_CONVERSION = YES;
				GCC_WARN_ABOUT_RETURN_TYPE = YES_ERROR;
				GCC_WARN_UNDECLARED_SELECTOR = YES;
				GCC_WARN_UNINITIALIZED_AUTOS = YES_AGGRESSIVE;
				GCC_WARN_UNUSED_FUNCTION = YES;
				GCC_WARN_UNUSED_VARIABLE = YES;
				IPHONEOS_DEPLOYMENT_TARGET = 14.4;
				MTL_ENABLE_DEBUG_INFO = INCLUDE_SOURCE;
				MTL_FAST_MATH = YES;
				ONLY_ACTIVE_ARCH = YES;
				SDKROOT = iphoneos;
				SWIFT_ACTIVE_COMPILATION_CONDITIONS = DEBUG;
				SWIFT_OPTIMIZATION_LEVEL = "-Onone";
			};
			name = Debug;
		};
		0FDACD28265EC5A20086BA76 /* Release */ = {
			isa = XCBuildConfiguration;
			buildSettings = {
				ALWAYS_SEARCH_USER_PATHS = NO;
				CLANG_ANALYZER_NONNULL = YES;
				CLANG_ANALYZER_NUMBER_OBJECT_CONVERSION = YES_AGGRESSIVE;
				CLANG_CXX_LANGUAGE_STANDARD = "gnu++14";
				CLANG_CXX_LIBRARY = "libc++";
				CLANG_ENABLE_MODULES = YES;
				CLANG_ENABLE_OBJC_ARC = YES;
				CLANG_ENABLE_OBJC_WEAK = YES;
				CLANG_WARN_BLOCK_CAPTURE_AUTORELEASING = YES;
				CLANG_WARN_BOOL_CONVERSION = YES;
				CLANG_WARN_COMMA = YES;
				CLANG_WARN_CONSTANT_CONVERSION = YES;
				CLANG_WARN_DEPRECATED_OBJC_IMPLEMENTATIONS = YES;
				CLANG_WARN_DIRECT_OBJC_ISA_USAGE = YES_ERROR;
				CLANG_WARN_DOCUMENTATION_COMMENTS = YES;
				CLANG_WARN_EMPTY_BODY = YES;
				CLANG_WARN_ENUM_CONVERSION = YES;
				CLANG_WARN_INFINITE_RECURSION = YES;
				CLANG_WARN_INT_CONVERSION = YES;
				CLANG_WARN_NON_LITERAL_NULL_CONVERSION = YES;
				CLANG_WARN_OBJC_IMPLICIT_RETAIN_SELF = YES;
				CLANG_WARN_OBJC_LITERAL_CONVERSION = YES;
				CLANG_WARN_OBJC_ROOT_CLASS = YES_ERROR;
				CLANG_WARN_QUOTED_INCLUDE_IN_FRAMEWORK_HEADER = YES;
				CLANG_WARN_RANGE_LOOP_ANALYSIS = YES;
				CLANG_WARN_STRICT_PROTOTYPES = YES;
				CLANG_WARN_SUSPICIOUS_MOVE = YES;
				CLANG_WARN_UNGUARDED_AVAILABILITY = YES_AGGRESSIVE;
				CLANG_WARN_UNREACHABLE_CODE = YES;
				CLANG_WARN__DUPLICATE_METHOD_MATCH = YES;
				COPY_PHASE_STRIP = NO;
				DEBUG_INFORMATION_FORMAT = "dwarf-with-dsym";
				ENABLE_NS_ASSERTIONS = NO;
				ENABLE_STRICT_OBJC_MSGSEND = YES;
				GCC_C_LANGUAGE_STANDARD = gnu11;
				GCC_NO_COMMON_BLOCKS = YES;
				GCC_WARN_64_TO_32_BIT_CONVERSION = YES;
				GCC_WARN_ABOUT_RETURN_TYPE = YES_ERROR;
				GCC_WARN_UNDECLARED_SELECTOR = YES;
				GCC_WARN_UNINITIALIZED_AUTOS = YES_AGGRESSIVE;
				GCC_WARN_UNUSED_FUNCTION = YES;
				GCC_WARN_UNUSED_VARIABLE = YES;
				IPHONEOS_DEPLOYMENT_TARGET = 14.4;
				MTL_ENABLE_DEBUG_INFO = NO;
				MTL_FAST_MATH = YES;
				SDKROOT = iphoneos;
				SWIFT_COMPILATION_MODE = wholemodule;
				SWIFT_OPTIMIZATION_LEVEL = "-O";
				VALIDATE_PRODUCT = YES;
			};
			name = Release;
		};
		0FDACD2A265EC5A20086BA76 /* Debug */ = {
			isa = XCBuildConfiguration;
			baseConfigurationReference = 81E81D3F2C1E199079001E73 /* Pods-Snapchat.debug.xcconfig */;
			buildSettings = {
				ASSETCATALOG_COMPILER_APPICON_NAME = AppIcon;
				ASSETCATALOG_COMPILER_GLOBAL_ACCENT_COLOR_NAME = AccentColor;
				CODE_SIGN_ENTITLEMENTS = Snapchat/Snapchat.entitlements;
				CODE_SIGN_STYLE = Automatic;
				INFOPLIST_FILE = Snapchat/Info.plist;
				LD_RUNPATH_SEARCH_PATHS = (
					"$(inherited)",
					"@executable_path/Frameworks",
				);
				PRODUCT_BUNDLE_IDENTIFIER = deah.com.Snapchat;
				PRODUCT_NAME = "$(TARGET_NAME)";
				SWIFT_VERSION = 5.0;
				TARGETED_DEVICE_FAMILY = "1,2";
			};
			name = Debug;
		};
		0FDACD2B265EC5A20086BA76 /* Release */ = {
			isa = XCBuildConfiguration;
			baseConfigurationReference = 9F1B51DD9CDE4DFAFADF7DC2 /* Pods-Snapchat.release.xcconfig */;
			buildSettings = {
				ASSETCATALOG_COMPILER_APPICON_NAME = AppIcon;
				ASSETCATALOG_COMPILER_GLOBAL_ACCENT_COLOR_NAME = AccentColor;
				CODE_SIGN_ENTITLEMENTS = Snapchat/Snapchat.entitlements;
				CODE_SIGN_STYLE = Automatic;
				INFOPLIST_FILE = Snapchat/Info.plist;
				LD_RUNPATH_SEARCH_PATHS = (
					"$(inherited)",
					"@executable_path/Frameworks",
				);
				PRODUCT_BUNDLE_IDENTIFIER = deah.com.Snapchat;
				PRODUCT_NAME = "$(TARGET_NAME)";
				SWIFT_VERSION = 5.0;
				TARGETED_DEVICE_FAMILY = "1,2";
			};
			name = Release;
		};
/* End XCBuildConfiguration section */

/* Begin XCConfigurationList section */
		0FDACD10265EC59D0086BA76 /* Build configuration list for PBXProject "Snapchat" */ = {
			isa = XCConfigurationList;
			buildConfigurations = (
				0FDACD27265EC5A20086BA76 /* Debug */,
				0FDACD28265EC5A20086BA76 /* Release */,
			);
			defaultConfigurationIsVisible = 0;
			defaultConfigurationName = Release;
		};
		0FDACD29265EC5A20086BA76 /* Build configuration list for PBXNativeTarget "Snapchat" */ = {
			isa = XCConfigurationList;
			buildConfigurations = (
				0FDACD2A265EC5A20086BA76 /* Debug */,
				0FDACD2B265EC5A20086BA76 /* Release */,
			);
			defaultConfigurationIsVisible = 0;
			defaultConfigurationName = Release;
		};
/* End XCConfigurationList section */
	};
	rootObject = 0FDACD0D265EC59D0086BA76 /* Project object */;
}
